
Microsoft Visual Studio Solution File, Format Version 12.00
# Visual Studio Version 17
VisualStudioVersion = 17.3.32811.315
MinimumVisualStudioVersion = 10.0.40219.1
Project("{FAE04EC0-301F-11D3-BF4B-00C04F79EFBC}") = "Exercise2-ControlFlow", "Exercise2-ControlFlow.csproj", "{358C6B1F-1219-4E04-AEB8-DD279F8FAB60}"
EndProject
Global
	GlobalSection(SolutionConfigurationPlatforms) = preSolution
		Debug|Any CPU = Debug|Any CPU
		Release|Any CPU = Release|Any CPU
	EndGlobalSection
	GlobalSection(ProjectConfigurationPlatforms) = postSolution
		{358C6B1F-1219-4E04-AEB8-DD279F8FAB60}.Debug|Any CPU.ActiveCfg = Debug|Any CPU
		{358C6B1F-1219-4E04-AEB8-DD279F8FAB60}.Debug|Any CPU.Build.0 = Debug|Any CPU
		{358C6B1F-1219-4E04-AEB8-DD279F8FAB60}.Release|Any CPU.ActiveCfg = Release|Any CPU
		{358C6B1F-1219-4E04-AEB8-DD279F8FAB60}.Release|Any CPU.Build.0 = Release|Any CPU
	EndGlobalSection
	GlobalSection(SolutionProperties) = preSolution
		HideSolutionNode = FALSE
	EndGlobalSection
	GlobalSection(ExtensibilityGlobals) = postSolution
		SolutionGuid = {ADF7D23E-C48B-43C5-9470-3D032F2F4D4A}
	EndGlobalSection
EndGlobal
